
Microsoft Visual Studio Solution File, Format Version 12.00
# Visual Studio Version 17
VisualStudioVersion = 17.7.34031.279
MinimumVisualStudioVersion = 10.0.40219.1
Project("{FAE04EC0-301F-11D3-BF4B-00C04F79EFBC}") = "API", "API\API.csproj", "{4BDBEC4F-EF3B-4EC1-BFB9-2B8DF756944D}"
EndProject
Global
	GlobalSection(SolutionConfigurationPlatforms) = preSolution
		Debug|Any CPU = Debug|Any CPU
		Release|Any CPU = Release|Any CPU
	EndGlobalSection
	GlobalSection(ProjectConfigurationPlatforms) = postSolution
		{4BDBEC4F-EF3B-4EC1-BFB9-2B8DF756944D}.Debug|Any CPU.ActiveCfg = Debug|Any CPU
		{4BDBEC4F-EF3B-4EC1-BFB9-2B8DF756944D}.Debug|Any CPU.Build.0 = Debug|Any CPU
		{4BDBEC4F-EF3B-4EC1-BFB9-2B8DF756944D}.Release|Any CPU.ActiveCfg = Release|Any CPU
		{4BDBEC4F-EF3B-4EC1-BFB9-2B8DF756944D}.Release|Any CPU.Build.0 = Release|Any CPU
	EndGlobalSection
	GlobalSection(SolutionProperties) = preSolution
		HideSolutionNode = FALSE
	EndGlobalSection
	GlobalSection(ExtensibilityGlobals) = postSolution
		SolutionGuid = {57C51B1C-78E8-44C3-8961-24C1E17E1A1B}
	EndGlobalSection
EndGlobal
